# This file is automatically @generated by Cargo.
# It is not intended for manual editing.
version = 3

[[package]]
name = "accelerator"
version = "0.1.0"
dependencies = [
 "anyhow",
 "bzip2",
 "gmod",
 "rglua",
 "thiserror",
 "toml",
 "ureq",
]

[[package]]
name = "adler"
version = "1.0.2"
source = "registry+https://github.com/rust-lang/crates.io-index"
checksum = "f26201604c87b1e01bd3d98f8d5d9a8fcbb815e8cedb41ffccbeb4bf593a35fe"

[[package]]
name = "anyhow"
version = "1.0.79"
source = "registry+https://github.com/rust-lang/crates.io-index"
checksum = "080e9890a082662b09c1ad45f567faeeb47f22b5fb23895fbe1e651e718e25ca"

[[package]]
name = "base64"
version = "0.21.6"
source = "registry+https://github.com/rust-lang/crates.io-index"
checksum = "c79fed4cdb43e993fcdadc7e58a09fd0e3e649c4436fa11da71c9f1f3ee7feb9"

[[package]]
name = "bitflags"
version = "1.3.2"
source = "registry+https://github.com/rust-lang/crates.io-index"
checksum = "bef38d45163c2f1dde094a7dfd33ccf595c92905c8f8f4fdc18d06fb1037718a"

[[package]]
name = "bzip2"
version = "0.4.4"
source = "registry+https://github.com/rust-lang/crates.io-index"
checksum = "bdb116a6ef3f6c3698828873ad02c3014b3c85cadb88496095628e3ef1e347f8"
dependencies = [
 "bzip2-sys",
 "libc",
]

[[package]]
name = "bzip2-sys"
version = "0.1.11+1.0.8"
source = "registry+https://github.com/rust-lang/crates.io-index"
checksum = "736a955f3fa7875102d57c82b8cac37ec45224a07fd32d58f9f7a186b6cd4cdc"
dependencies = [
 "cc",
 "libc",
 "pkg-config",
]

[[package]]
name = "cc"
version = "1.0.83"
source = "registry+https://github.com/rust-lang/crates.io-index"
checksum = "f1174fb0b6ec23863f8b971027804a42614e347eafb0a95bf0b12cdae21fc4d0"
dependencies = [
 "libc",
]

[[package]]
name = "cfg-if"
version = "1.0.0"
source = "registry+https://github.com/rust-lang/crates.io-index"
checksum = "baf1de4339761588bc0619e3cbc0120ee582ebb74b53b4efbf79117bd2da40fd"

[[package]]
name = "cfg_table"
version = "1.0.0"
source = "registry+https://github.com/rust-lang/crates.io-index"
checksum = "78518bef4e5cc70a69a0bd1905594f8033b2f7492c9d7c0f173208c0945c30a2"

[[package]]
name = "convert_case"
version = "0.4.0"
source = "registry+https://github.com/rust-lang/crates.io-index"
checksum = "6245d59a3e82a7fc217c5828a6692dbc6dfb63a0c8c90495621f7b9d79704a0e"

[[package]]
name = "crc32fast"
version = "1.3.2"
source = "registry+https://github.com/rust-lang/crates.io-index"
checksum = "b540bd8bc810d3885c6ea91e2018302f68baba2129ab3e88f32389ee9370880d"
dependencies = [
 "cfg-if",
]

[[package]]
name = "cstr"
version = "0.2.11"
source = "registry+https://github.com/rust-lang/crates.io-index"
checksum = "8aa998c33a6d3271e3678950a22134cd7dd27cef86dee1b611b5b14207d1d90b"
dependencies = [
 "proc-macro2",
 "quote",
]

[[package]]
name = "ctor"
version = "0.2.6"
source = "registry+https://github.com/rust-lang/crates.io-index"
checksum = "30d2b3721e861707777e3195b0158f950ae6dc4a27e4d02ff9f67e3eb3de199e"
dependencies = [
 "quote",
 "syn 2.0.48",
]

[[package]]
name = "derive_more"
version = "0.99.17"
source = "registry+https://github.com/rust-lang/crates.io-index"
checksum = "4fb810d30a7c1953f91334de7244731fc3f3c10d7fe163338a35b9f640960321"
dependencies = [
 "convert_case",
 "proc-macro2",
 "quote",
 "rustc_version",
 "syn 1.0.109",
]

[[package]]
name = "equivalent"
version = "1.0.1"
source = "registry+https://github.com/rust-lang/crates.io-index"
checksum = "5443807d6dff69373d433ab9ef5378ad8df50ca6298caf15de6e52e24aaf54d5"

[[package]]
name = "flate2"
version = "1.0.28"
source = "registry+https://github.com/rust-lang/crates.io-index"
checksum = "46303f565772937ffe1d394a4fac6f411c6013172fadde9dcdb1e147a086940e"
dependencies = [
 "crc32fast",
 "miniz_oxide",
]

[[package]]
name = "fn_abi"
version = "2.0.1"
source = "registry+https://github.com/rust-lang/crates.io-index"
checksum = "451b828bd3c5f19949222834f58b38c3670604dcaa5f2b7aec50c0cd58f34900"
dependencies = [
 "proc-macro2",
 "quote",
 "syn 1.0.109",
 "syn_squash",
]

[[package]]
name = "fn_has_this"
version = "0.1.1"
source = "registry+https://github.com/rust-lang/crates.io-index"
checksum = "eb93938067213676967092012a53515e926de7c813afccd9b075ba0ec78dbba9"
dependencies = [
 "proc-macro2",
 "quote",
 "syn 1.0.109",
 "syn_squash",
]

[[package]]
name = "fn_type_alias"
version = "0.1.0"
source = "registry+https://github.com/rust-lang/crates.io-index"
checksum = "809e807f01217f1f89959fbeebd10c6471b5ef3971fce1b02a70fb7212cc6c1f"
dependencies = [
 "proc-macro2",
 "quote",
 "syn 1.0.109",
]

[[package]]
name = "form_urlencoded"
version = "1.2.1"
source = "registry+https://github.com/rust-lang/crates.io-index"
checksum = "e13624c2627564efccf4934284bdd98cbaa14e79b0b5a141218e507b3a823456"
dependencies = [
 "percent-encoding",
]

[[package]]
name = "generic-array"
version = "0.14.7"
source = "registry+https://github.com/rust-lang/crates.io-index"
checksum = "85649ca51fd72272d7821adaf274ad91c288277713d9c18820d8499a7ff69e9a"
dependencies = [
 "typenum",
 "version_check",
]

[[package]]
name = "getrandom"
version = "0.2.12"
source = "registry+https://github.com/rust-lang/crates.io-index"
checksum = "190092ea657667030ac6a35e305e62fc4dd69fd98ac98631e5d3a2b1575a12b5"
dependencies = [
 "cfg-if",
 "libc",
 "wasi",
]

[[package]]
name = "gmod"
version = "17.0.0"
source = "registry+https://github.com/rust-lang/crates.io-index"
checksum = "fba999064c8149319a285441ab101b47ded87bfbd6f58c3127a3f289e4d728c2"
dependencies = [
 "cfg_table",
 "cstr",
 "ctor",
 "fn_abi",
 "fn_has_this",
 "fn_type_alias",
 "gmod-macros",
 "lazy_static",
 "libloading 0.8.1",
 "null_fn",
 "retour",
 "skidscan",
]

[[package]]
name = "gmod-macros"
version = "2.0.1"
source = "registry+https://github.com/rust-lang/crates.io-index"
checksum = "4f379e64e2b37dc89becb8ac4e1a67211a1a8989b866a71d8365dc16459224a8"
dependencies = [
 "proc-macro2",
 "quote",
 "syn 1.0.109",
]

[[package]]
name = "hashbrown"
version = "0.14.3"
source = "registry+https://github.com/rust-lang/crates.io-index"
checksum = "290f1a1d9242c78d09ce40a5e87e7554ee637af1351968159f4952f028f75604"

[[package]]
name = "idna"
version = "0.5.0"
source = "registry+https://github.com/rust-lang/crates.io-index"
checksum = "634d9b1461af396cad843f47fdba5597a4f9e6ddd4bfb6ff5d85028c25cb12f6"
dependencies = [
 "unicode-bidi",
 "unicode-normalization",
]

[[package]]
name = "indexmap"
version = "2.1.0"
source = "registry+https://github.com/rust-lang/crates.io-index"
checksum = "d530e1a18b1cb4c484e6e34556a0d948706958449fca0cab753d649f2bce3d1f"
dependencies = [
 "equivalent",
 "hashbrown",
]

[[package]]
name = "lazy_static"
version = "1.4.0"
source = "registry+https://github.com/rust-lang/crates.io-index"
checksum = "e2abad23fbc42b3700f2f279844dc832adb2b2eb069b2df918f455c4e18cc646"

[[package]]
name = "libc"
version = "0.2.152"
source = "registry+https://github.com/rust-lang/crates.io-index"
checksum = "13e3bf6590cbc649f4d1a3eefc9d5d6eb746f5200ffb04e5e142700b8faa56e7"

[[package]]
name = "libloading"
version = "0.7.4"
source = "registry+https://github.com/rust-lang/crates.io-index"
checksum = "b67380fd3b2fbe7527a606e18729d21c6f3951633d0500574c4dc22d2d638b9f"
dependencies = [
 "cfg-if",
 "winapi",
]

[[package]]
name = "libloading"
version = "0.8.1"
source = "registry+https://github.com/rust-lang/crates.io-index"
checksum = "c571b676ddfc9a8c12f1f3d3085a7b163966a8fd8098a90640953ce5f6170161"
dependencies = [
 "cfg-if",
 "windows-sys",
]

[[package]]
name = "libudis86-sys"
version = "0.2.1"
source = "registry+https://github.com/rust-lang/crates.io-index"
checksum = "139bbf9ddb1bfc90c1ac64dd2923d9c957cd433cee7315c018125d72ab08a6b0"
dependencies = [
 "cc",
 "libc",
]

[[package]]
name = "log"
version = "0.4.20"
source = "registry+https://github.com/rust-lang/crates.io-index"
checksum = "b5e6163cb8c49088c2c36f57875e58ccd8c87c7427f7fbd50ea6710b2f3f2e8f"

[[package]]
name = "mach"
version = "0.3.2"
source = "registry+https://github.com/rust-lang/crates.io-index"
checksum = "b823e83b2affd8f40a9ee8c29dbc56404c1e34cd2710921f2801e2cf29527afa"
dependencies = [
 "libc",
]

[[package]]
name = "memchr"
version = "2.7.1"
source = "registry+https://github.com/rust-lang/crates.io-index"
checksum = "523dc4f511e55ab87b694dc30d0f820d60906ef06413f93d4d7a1385599cc149"

[[package]]
name = "miniz_oxide"
version = "0.7.1"
source = "registry+https://github.com/rust-lang/crates.io-index"
checksum = "e7810e0be55b428ada41041c41f32c9f1a42817901b4ccf45fa3d4b6561e74c7"
dependencies = [
 "adler",
]

[[package]]
name = "mmap-fixed-fixed"
version = "0.1.3"
source = "registry+https://github.com/rust-lang/crates.io-index"
checksum = "0681853891801e4763dc252e843672faf32bcfee27a0aa3b19733902af450acc"
dependencies = [
 "libc",
 "winapi",
]

[[package]]
name = "null_fn"
version = "0.1.1"
source = "registry+https://github.com/rust-lang/crates.io-index"
checksum = "345919cfb52d0d8da7efc21aea56046ca96d9e3a8adfdbdb27ef1172829976c1"
dependencies = [
 "proc-macro2",
 "quote",
 "syn 1.0.109",
]

[[package]]
name = "once_cell"
version = "1.19.0"
source = "registry+https://github.com/rust-lang/crates.io-index"
checksum = "3fdb12b2476b595f9358c5161aa467c2438859caa136dec86c26fdd2efe17b92"

[[package]]
name = "percent-encoding"
version = "2.3.1"
source = "registry+https://github.com/rust-lang/crates.io-index"
checksum = "e3148f5046208a5d56bcfc03053e3ca6334e51da8dfb19b6cdc8b306fae3283e"

[[package]]
name = "pkg-config"
version = "0.3.28"
source = "registry+https://github.com/rust-lang/crates.io-index"
checksum = "69d3587f8a9e599cc7ec2c00e331f71c4e69a5f9a4b8a6efd5b07466b9736f9a"

[[package]]
name = "proc-macro-crate"
version = "1.3.1"
source = "registry+https://github.com/rust-lang/crates.io-index"
checksum = "7f4c021e1093a56626774e81216a4ce732a735e5bad4868a03f3ed65ca0c3919"
dependencies = [
 "once_cell",
 "toml_edit 0.19.15",
]

[[package]]
name = "proc-macro2"
version = "1.0.76"
source = "registry+https://github.com/rust-lang/crates.io-index"
checksum = "95fc56cda0b5c3325f5fbbd7ff9fda9e02bb00bb3dac51252d2f1bfa1cb8cc8c"
dependencies = [
 "unicode-ident",
]

[[package]]
name = "quote"
version = "1.0.35"
source = "registry+https://github.com/rust-lang/crates.io-index"
checksum = "291ec9ab5efd934aaf503a6466c5d5251535d108ee747472c3977cc5acc868ef"
dependencies = [
 "proc-macro2",
]

[[package]]
name = "region"
version = "3.0.0"
source = "registry+https://github.com/rust-lang/crates.io-index"
checksum = "76e189c2369884dce920945e2ddf79b3dff49e071a167dd1817fa9c4c00d512e"
dependencies = [
 "bitflags",
 "libc",
 "mach",
 "winapi",
]

[[package]]
name = "retour"
version = "0.3.1"
source = "registry+https://github.com/rust-lang/crates.io-index"
checksum = "a9af44d40e2400b44d491bfaf8eae111b09f23ac4de6e92728e79d93e699c527"
dependencies = [
 "cfg-if",
 "generic-array",
 "libc",
 "libudis86-sys",
 "mmap-fixed-fixed",
 "once_cell",
 "region",
 "slice-pool2",
]

[[package]]
name = "rglua"
version = "2.1.0"
source = "registry+https://github.com/rust-lang/crates.io-index"
checksum = "c1ef00fee6e71eaafdc0ff0844f93348e4d6615d9e6c68bb047872a0803e49bc"
dependencies = [
 "derive_more",
 "libloading 0.7.4",
 "once_cell",
 "rglua-macros",
 "thiserror",
 "vtables",
 "vtables_derive",
]

[[package]]
name = "rglua-macros"
version = "0.2.0"
source = "registry+https://github.com/rust-lang/crates.io-index"
checksum = "74f3c746ea354577a62bb8d2ad860ced2fa9c35f7a99a5a64f79059a7f11165e"
dependencies = [
 "proc-macro2",
 "quote",
 "syn 1.0.109",
]

[[package]]
name = "ring"
version = "0.17.7"
source = "registry+https://github.com/rust-lang/crates.io-index"
checksum = "688c63d65483050968b2a8937f7995f443e27041a0f7700aa59b0822aedebb74"
dependencies = [
 "cc",
 "getrandom",
 "libc",
 "spin",
 "untrusted",
 "windows-sys",
]

[[package]]
name = "rustc_version"
version = "0.4.0"
source = "registry+https://github.com/rust-lang/crates.io-index"
checksum = "bfa0f585226d2e68097d4f95d113b15b83a82e819ab25717ec0590d9584ef366"
dependencies = [
 "semver",
]

[[package]]
name = "rustls"
version = "0.21.10"
source = "registry+https://github.com/rust-lang/crates.io-index"
checksum = "f9d5a6813c0759e4609cd494e8e725babae6a2ca7b62a5536a13daaec6fcb7ba"
dependencies = [
 "log",
 "ring",
 "rustls-webpki",
 "sct",
]

[[package]]
name = "rustls-webpki"
version = "0.101.7"
source = "registry+https://github.com/rust-lang/crates.io-index"
checksum = "8b6275d1ee7a1cd780b64aca7726599a1dbc893b1e64144529e55c3c2f745765"
dependencies = [
 "ring",
 "untrusted",
]

[[package]]
name = "sct"
version = "0.7.1"
source = "registry+https://github.com/rust-lang/crates.io-index"
checksum = "da046153aa2352493d6cb7da4b6e5c0c057d8a1d0a9aa8560baffdd945acd414"
dependencies = [
 "ring",
 "untrusted",
]

[[package]]
name = "semver"
version = "1.0.21"
source = "registry+https://github.com/rust-lang/crates.io-index"
checksum = "b97ed7a9823b74f99c7742f5336af7be5ecd3eeafcb1507d1fa93347b1d589b0"

[[package]]
name = "serde"
version = "1.0.195"
source = "registry+https://github.com/rust-lang/crates.io-index"
checksum = "63261df402c67811e9ac6def069e4786148c4563f4b50fd4bf30aa370d626b02"
dependencies = [
 "serde_derive",
]

[[package]]
name = "serde_derive"
version = "1.0.195"
source = "registry+https://github.com/rust-lang/crates.io-index"
checksum = "46fe8f8603d81ba86327b23a2e9cdf49e1255fb94a4c5f297f6ee0547178ea2c"
dependencies = [
 "proc-macro2",
 "quote",
 "syn 2.0.48",
]

[[package]]
name = "serde_spanned"
version = "0.6.5"
source = "registry+https://github.com/rust-lang/crates.io-index"
checksum = "eb3622f419d1296904700073ea6cc23ad690adbd66f13ea683df73298736f0c1"
dependencies = [
 "serde",
]

[[package]]
name = "skidscan"
version = "2.0.1"
source = "registry+https://github.com/rust-lang/crates.io-index"
checksum = "d3c2ec2f6baba2d1d58590fee1627bc6899fdc0ccb9006521d5f87ac78e375b9"
dependencies = [
 "libc",
 "skidscan-macros",
 "winapi",
]

[[package]]
name = "skidscan-macros"
version = "0.1.2"
source = "registry+https://github.com/rust-lang/crates.io-index"
checksum = "881ef2150f0e4e2a855bb661a3ecd621ab1b6aa07b34aef941d1bd37b4267e8d"
dependencies = [
 "proc-macro-crate",
 "syn 1.0.109",
]

[[package]]
name = "slice-pool2"
version = "0.4.3"
source = "registry+https://github.com/rust-lang/crates.io-index"
checksum = "7a3d689654af89bdfeba29a914ab6ac0236d382eb3b764f7454dde052f2821f8"

[[package]]
name = "spin"
version = "0.9.8"
source = "registry+https://github.com/rust-lang/crates.io-index"
checksum = "6980e8d7511241f8acf4aebddbb1ff938df5eebe98691418c4468d0b72a96a67"

[[package]]
name = "syn"
version = "1.0.109"
source = "registry+https://github.com/rust-lang/crates.io-index"
checksum = "72b64191b275b66ffe2469e8af2c1cfe3bafa67b529ead792a6d0160888b4237"
dependencies = [
 "proc-macro2",
 "quote",
 "unicode-ident",
]

[[package]]
name = "syn"
version = "2.0.48"
source = "registry+https://github.com/rust-lang/crates.io-index"
checksum = "0f3531638e407dfc0814761abb7c00a5b54992b849452a0646b7f65c9f770f3f"
dependencies = [
 "proc-macro2",
 "quote",
 "unicode-ident",
]

[[package]]
name = "syn_squash"
version = "0.1.0"
source = "registry+https://github.com/rust-lang/crates.io-index"
checksum = "134b985708d02b2569ab2b9e27c8758ca4baaaf725341a572d59bc2d174b9bb5"

[[package]]
name = "thiserror"
version = "1.0.56"
source = "registry+https://github.com/rust-lang/crates.io-index"
checksum = "d54378c645627613241d077a3a79db965db602882668f9136ac42af9ecb730ad"
dependencies = [
 "thiserror-impl",
]

[[package]]
name = "thiserror-impl"
version = "1.0.56"
source = "registry+https://github.com/rust-lang/crates.io-index"
checksum = "fa0faa943b50f3db30a20aa7e265dbc66076993efed8463e8de414e5d06d3471"
dependencies = [
 "proc-macro2",
 "quote",
 "syn 2.0.48",
]

[[package]]
name = "tinyvec"
version = "1.6.0"
source = "registry+https://github.com/rust-lang/crates.io-index"
checksum = "87cc5ceb3875bb20c2890005a4e226a4651264a5c75edb2421b52861a0a0cb50"
dependencies = [
 "tinyvec_macros",
]

[[package]]
name = "tinyvec_macros"
version = "0.1.1"
source = "registry+https://github.com/rust-lang/crates.io-index"
checksum = "1f3ccbac311fea05f86f61904b462b55fb3df8837a366dfc601a0161d0532f20"

[[package]]
name = "toml"
version = "0.8.8"
source = "registry+https://github.com/rust-lang/crates.io-index"
checksum = "a1a195ec8c9da26928f773888e0742ca3ca1040c6cd859c919c9f59c1954ab35"
dependencies = [
 "serde",
 "serde_spanned",
 "toml_datetime",
 "toml_edit 0.21.0",
]

[[package]]
name = "toml_datetime"
version = "0.6.5"
source = "registry+https://github.com/rust-lang/crates.io-index"
checksum = "3550f4e9685620ac18a50ed434eb3aec30db8ba93b0287467bca5826ea25baf1"
dependencies = [
 "serde",
]

[[package]]
name = "toml_edit"
version = "0.19.15"
source = "registry+https://github.com/rust-lang/crates.io-index"
checksum = "1b5bb770da30e5cbfde35a2d7b9b8a2c4b8ef89548a7a6aeab5c9a576e3e7421"
dependencies = [
 "indexmap",
 "toml_datetime",
 "winnow",
]

[[package]]
name = "toml_edit"
version = "0.21.0"
source = "registry+https://github.com/rust-lang/crates.io-index"
checksum = "d34d383cd00a163b4a5b85053df514d45bc330f6de7737edfe0a93311d1eaa03"
dependencies = [
 "indexmap",
 "serde",
 "serde_spanned",
 "toml_datetime",
 "winnow",
]

[[package]]
name = "typenum"
version = "1.17.0"
source = "registry+https://github.com/rust-lang/crates.io-index"
checksum = "42ff0bf0c66b8238c6f3b578df37d0b7848e55df8577b3f74f92a69acceeb825"

[[package]]
name = "unicode-bidi"
version = "0.3.14"
source = "registry+https://github.com/rust-lang/crates.io-index"
checksum = "6f2528f27a9eb2b21e69c95319b30bd0efd85d09c379741b0f78ea1d86be2416"

[[package]]
name = "unicode-ident"
version = "1.0.12"
source = "registry+https://github.com/rust-lang/crates.io-index"
checksum = "3354b9ac3fae1ff6755cb6db53683adb661634f67557942dea4facebec0fee4b"

[[package]]
name = "unicode-normalization"
version = "0.1.22"
source = "registry+https://github.com/rust-lang/crates.io-index"
checksum = "5c5713f0fc4b5db668a2ac63cdb7bb4469d8c9fed047b1d0292cc7b0ce2ba921"
dependencies = [
 "tinyvec",
]

[[package]]
name = "untrusted"
version = "0.9.0"
source = "registry+https://github.com/rust-lang/crates.io-index"
checksum = "8ecb6da28b8a351d773b68d5825ac39017e680750f980f3a1a85cd8dd28a47c1"

[[package]]
name = "ureq"
version = "2.9.1"
source = "registry+https://github.com/rust-lang/crates.io-index"
checksum = "f8cdd25c339e200129fe4de81451814e5228c9b771d57378817d6117cc2b3f97"
dependencies = [
 "base64",
 "flate2",
 "log",
 "once_cell",
 "rustls",
 "rustls-webpki",
 "url",
 "webpki-roots",
]

[[package]]
name = "url"
version = "2.5.0"
source = "registry+https://github.com/rust-lang/crates.io-index"
checksum = "31e6302e3bb753d46e83516cae55ae196fc0c309407cf11ab35cc51a4c2a4633"
dependencies = [
 "form_urlencoded",
 "idna",
 "percent-encoding",
]

[[package]]
name = "version_check"
version = "0.9.4"
source = "registry+https://github.com/rust-lang/crates.io-index"
checksum = "49874b5167b65d7193b8aba1567f5c7d93d001cafc34600cee003eda787e483f"

[[package]]
name = "vtables"
version = "0.1.0"
source = "registry+https://github.com/rust-lang/crates.io-index"
checksum = "f5588453c4f7af8bb03be89540d7bb204aa8e0e56f2b010e547cc73cba4cd5f9"

[[package]]
name = "vtables_derive"
version = "0.1.0"
source = "registry+https://github.com/rust-lang/crates.io-index"
checksum = "a048e7ec096bec258f2d32ff336217de2ee3947f0af04777a972c2c264659b44"
dependencies = [
 "proc-macro2",
 "quote",
 "syn 1.0.109",
]

[[package]]
name = "wasi"
version = "0.11.0+wasi-snapshot-preview1"
source = "registry+https://github.com/rust-lang/crates.io-index"
checksum = "9c8d87e72b64a3b4db28d11ce29237c246188f4f51057d65a7eab63b7987e423"

[[package]]
name = "webpki-roots"
version = "0.25.3"
source = "registry+https://github.com/rust-lang/crates.io-index"
checksum = "1778a42e8b3b90bff8d0f5032bf22250792889a5cdc752aa0020c84abe3aaf10"

[[package]]
name = "winapi"
version = "0.3.9"
source = "registry+https://github.com/rust-lang/crates.io-index"
checksum = "5c839a674fcd7a98952e593242ea400abe93992746761e38641405d28b00f419"
dependencies = [
 "winapi-i686-pc-windows-gnu",
 "winapi-x86_64-pc-windows-gnu",
]

[[package]]
name = "winapi-i686-pc-windows-gnu"
version = "0.4.0"
source = "registry+https://github.com/rust-lang/crates.io-index"
checksum = "ac3b87c63620426dd9b991e5ce0329eff545bccbbb34f3be09ff6fb6ab51b7b6"

[[package]]
name = "winapi-x86_64-pc-windows-gnu"
version = "0.4.0"
source = "registry+https://github.com/rust-lang/crates.io-index"
checksum = "712e227841d057c1ee1cd2fb22fa7e5a5461ae8e48fa2ca79ec42cfc1931183f"

[[package]]
name = "windows-sys"
version = "0.48.0"
source = "registry+https://github.com/rust-lang/crates.io-index"
checksum = "677d2418bec65e3338edb076e806bc1ec15693c5d0104683f2efe857f61056a9"
dependencies = [
 "windows-targets",
]

[[package]]
name = "windows-targets"
version = "0.48.5"
source = "registry+https://github.com/rust-lang/crates.io-index"
checksum = "9a2fa6e2155d7247be68c096456083145c183cbbbc2764150dda45a87197940c"
dependencies = [
 "windows_aarch64_gnullvm",
 "windows_aarch64_msvc",
 "windows_i686_gnu",
 "windows_i686_msvc",
 "windows_x86_64_gnu",
 "windows_x86_64_gnullvm",
 "windows_x86_64_msvc",
]

[[package]]
name = "windows_aarch64_gnullvm"
version = "0.48.5"
source = "registry+https://github.com/rust-lang/crates.io-index"
checksum = "2b38e32f0abccf9987a4e3079dfb67dcd799fb61361e53e2882c3cbaf0d905d8"

[[package]]
name = "windows_aarch64_msvc"
version = "0.48.5"
source = "registry+https://github.com/rust-lang/crates.io-index"
checksum = "dc35310971f3b2dbbf3f0690a219f40e2d9afcf64f9ab7cc1be722937c26b4bc"

[[package]]
name = "windows_i686_gnu"
version = "0.48.5"
source = "registry+https://github.com/rust-lang/crates.io-index"
checksum = "a75915e7def60c94dcef72200b9a8e58e5091744960da64ec734a6c6e9b3743e"

[[package]]
name = "windows_i686_msvc"
version = "0.48.5"
source = "registry+https://github.com/rust-lang/crates.io-index"
checksum = "8f55c233f70c4b27f66c523580f78f1004e8b5a8b659e05a4eb49d4166cca406"

[[package]]
name = "windows_x86_64_gnu"
version = "0.48.5"
source = "registry+https://github.com/rust-lang/crates.io-index"
checksum = "53d40abd2583d23e4718fddf1ebec84dbff8381c07cae67ff7768bbf19c6718e"

[[package]]
name = "windows_x86_64_gnullvm"
version = "0.48.5"
source = "registry+https://github.com/rust-lang/crates.io-index"
checksum = "0b7b52767868a23d5bab768e390dc5f5c55825b6d30b86c844ff2dc7414044cc"

[[package]]
name = "windows_x86_64_msvc"
version = "0.48.5"
source = "registry+https://github.com/rust-lang/crates.io-index"
checksum = "ed94fce61571a4006852b7389a063ab983c02eb1bb37b47f8272ce92d06d9538"

[[package]]
name = "winnow"
version = "0.5.33"
source = "registry+https://github.com/rust-lang/crates.io-index"
checksum = "b7520bbdec7211caa7c4e682eb1fbe07abe20cee6756b6e00f537c82c11816aa"
dependencies = [
 "memchr",
]
